// !$*UTF8*$!
{
	archiveVersion = 1;
	classes = {
	};
	objectVersion = 46;
	objects = {

/* Begin PBXBuildFile section */
		21B8F66B1CB1A8EA0066E060 /* AppDelegate.swift in Sources */ = {isa = PBXBuildFile; fileRef = 21B8F66A1CB1A8EA0066E060 /* AppDelegate.swift */; };
		21B8F66D1CB1A8EA0066E060 /* ViewController.swift in Sources */ = {isa = PBXBuildFile; fileRef = 21B8F66C1CB1A8EA0066E060 /* ViewController.swift */; };
		21B8F6701CB1A8EA0066E060 /* Main.storyboard in Resources */ = {isa = PBXBuildFile; fileRef = 21B8F66E1CB1A8EA0066E060 /* Main.storyboard */; };
		21B8F6721CB1A8EA0066E060 /* Assets.xcassets in Resources */ = {isa = PBXBuildFile; fileRef = 21B8F6711CB1A8EA0066E060 /* Assets.xcassets */; };
		21B8F6751CB1A8EA0066E060 /* LaunchScreen.storyboard in Resources */ = {isa = PBXBuildFile; fileRef = 21B8F6731CB1A8EA0066E060 /* LaunchScreen.storyboard */; };
		21B8F67D1CB280FD0066E060 /* InteractiveStory.swift in Sources */ = {isa = PBXBuildFile; fileRef = 21B8F67C1CB280FD0066E060 /* InteractiveStory.swift */; };
		21B8F67F1CB2A0D90066E060 /* PageController.swift in Sources */ = {isa = PBXBuildFile; fileRef = 21B8F67E1CB2A0D90066E060 /* PageController.swift */; };
		21B8F6821CB32BE50066E060 /* HappyEnding.wav in Resources */ = {isa = PBXBuildFile; fileRef = 21B8F6811CB32BE50066E060 /* HappyEnding.wav */; };
		21B8F6851CB32BF20066E060 /* Ominous.wav in Resources */ = {isa = PBXBuildFile; fileRef = 21B8F6831CB32BF20066E060 /* Ominous.wav */; };
		21B8F6861CB32BF20066E060 /* PageTurn.wav in Resources */ = {isa = PBXBuildFile; fileRef = 21B8F6841CB32BF20066E060 /* PageTurn.wav */; };
/* End PBXBuildFile section */

/* Begin PBXFileReference section */
		21B8F6671CB1A8EA0066E060 /* interactiveStory.app */ = {isa = PBXFileReference; explicitFileType = wrapper.application; includeInIndex = 0; path = interactiveStory.app; sourceTree = BUILT_PRODUCTS_DIR; };
		21B8F66A1CB1A8EA0066E060 /* AppDelegate.swift */ = {isa = PBXFileReference; lastKnownFileType = sourcecode.swift; path = AppDelegate.swift; sourceTree = "<group>"; };
		21B8F66C1CB1A8EA0066E060 /* ViewController.swift */ = {isa = PBXFileReference; lastKnownFileType = sourcecode.swift; path = ViewController.swift; sourceTree = "<group>"; };
		21B8F66F1CB1A8EA0066E060 /* Base */ = {isa = PBXFileReference; lastKnownFileType = file.storyboard; name = Base; path = Base.lproj/Main.storyboard; sourceTree = "<group>"; };
		21B8F6711CB1A8EA0066E060 /* Assets.xcassets */ = {isa = PBXFileReference; lastKnownFileType = folder.assetcatalog; path = Assets.xcassets; sourceTree = "<group>"; };
		21B8F6741CB1A8EA0066E060 /* Base */ = {isa = PBXFileReference; lastKnownFileType = file.storyboard; name = Base; path = Base.lproj/LaunchScreen.storyboard; sourceTree = "<group>"; };
		21B8F6761CB1A8EA0066E060 /* Info.plist */ = {isa = PBXFileReference; lastKnownFileType = text.plist.xml; path = Info.plist; sourceTree = "<group>"; };
		21B8F67C1CB280FD0066E060 /* InteractiveStory.swift */ = {isa = PBXFileReference; fileEncoding = 4; lastKnownFileType = sourcecode.swift; name = InteractiveStory.swift; path = ../InteractiveStory.swift; sourceTree = "<group>"; };
		21B8F67E1CB2A0D90066E060 /* PageController.swift */ = {isa = PBXFileReference; fileEncoding = 4; lastKnownFileType = sourcecode.swift; path = PageController.swift; sourceTree = "<group>"; };
		21B8F6811CB32BE50066E060 /* HappyEnding.wav */ = {isa = PBXFileReference; lastKnownFileType = audio.wav; name = HappyEnding.wav; path = ../../../Downloads/HappyEnding.wav; sourceTree = "<group>"; };
		21B8F6831CB32BF20066E060 /* Ominous.wav */ = {isa = PBXFileReference; lastKnownFileType = audio.wav; name = Ominous.wav; path = ../../../Downloads/Ominous.wav; sourceTree = "<group>"; };
		21B8F6841CB32BF20066E060 /* PageTurn.wav */ = {isa = PBXFileReference; lastKnownFileType = audio.wav; name = PageTurn.wav; path = ../../../Downloads/PageTurn.wav; sourceTree = "<group>"; };
/* End PBXFileReference section */

/* Begin PBXFrameworksBuildPhase section */
		21B8F6641CB1A8EA0066E060 /* Frameworks */ = {
			isa = PBXFrameworksBuildPhase;
			buildActionMask = 2147483647;
			files = (
			);
			runOnlyForDeploymentPostprocessing = 0;
		};
/* End PBXFrameworksBuildPhase section */

/* Begin PBXGroup section */
		21B8F65E1CB1A8EA0066E060 = {
			isa = PBXGroup;
			children = (
				21B8F6691CB1A8EA0066E060 /* interactiveStory */,
				21B8F6681CB1A8EA0066E060 /* Products */,
			);
			sourceTree = "<group>";
		};
		21B8F6681CB1A8EA0066E060 /* Products */ = {
			isa = PBXGroup;
			children = (
				21B8F6671CB1A8EA0066E060 /* interactiveStory.app */,
			);
			name = Products;
			sourceTree = "<group>";
		};
		21B8F6691CB1A8EA0066E060 /* interactiveStory */ = {
			isa = PBXGroup;
			children = (
				21B8F66A1CB1A8EA0066E060 /* AppDelegate.swift */,
				21B8F66C1CB1A8EA0066E060 /* ViewController.swift */,
				21B8F67C1CB280FD0066E060 /* InteractiveStory.swift */,
				21B8F67E1CB2A0D90066E060 /* PageController.swift */,
				21B8F66E1CB1A8EA0066E060 /* Main.storyboard */,
				21B8F6711CB1A8EA0066E060 /* Assets.xcassets */,
				21B8F6731CB1A8EA0066E060 /* LaunchScreen.storyboard */,
				21B8F6761CB1A8EA0066E060 /* Info.plist */,
				21B8F6801CB3283C0066E060 /* Resources */,
			);
			path = interactiveStory;
			sourceTree = "<group>";
		};
		21B8F6801CB3283C0066E060 /* Resources */ = {
			isa = PBXGroup;
			children = (
				21B8F6831CB32BF20066E060 /* Ominous.wav */,
				21B8F6841CB32BF20066E060 /* PageTurn.wav */,
				21B8F6811CB32BE50066E060 /* HappyEnding.wav */,
			);
			name = Resources;
			path = ..;
			sourceTree = "<group>";
		};
/* End PBXGroup section */

/* Begin PBXNativeTarget section */
		21B8F6661CB1A8EA0066E060 /* interactiveStory */ = {
			isa = PBXNativeTarget;
			buildConfigurationList = 21B8F6791CB1A8EA0066E060 /* Build configuration list for PBXNativeTarget "interactiveStory" */;
			buildPhases = (
				21B8F6631CB1A8EA0066E060 /* Sources */,
				21B8F6641CB1A8EA0066E060 /* Frameworks */,
				21B8F6651CB1A8EA0066E060 /* Resources */,
			);
			buildRules = (
			);
			dependencies = (
			);
			name = interactiveStory;
			productName = interactiveStory;
			productReference = 21B8F6671CB1A8EA0066E060 /* interactiveStory.app */;
			productType = "com.apple.product-type.application";
		};
/* End PBXNativeTarget section */

/* Begin PBXProject section */
		21B8F65F1CB1A8EA0066E060 /* Project object */ = {
			isa = PBXProject;
			attributes = {
				LastSwiftUpdateCheck = 0720;
				LastUpgradeCheck = 0720;
				ORGANIZATIONNAME = nicoara;
				TargetAttributes = {
					21B8F6661CB1A8EA0066E060 = {
						CreatedOnToolsVersion = 7.2;
					};
				};
			};
			buildConfigurationList = 21B8F6621CB1A8EA0066E060 /* Build configuration list for PBXProject "interactiveStory" */;
			compatibilityVersion = "Xcode 3.2";
			developmentRegion = English;
			hasScannedForEncodings = 0;
			knownRegions = (
				en,
				Base,
			);
			mainGroup = 21B8F65E1CB1A8EA0066E060;
			productRefGroup = 21B8F6681CB1A8EA0066E060 /* Products */;
			projectDirPath = "";
			projectRoot = "";
			targets = (
				21B8F6661CB1A8EA0066E060 /* interactiveStory */,
			);
		};
/* End PBXProject section */

/* Begin PBXResourcesBuildPhase section */
		21B8F6651CB1A8EA0066E060 /* Resources */ = {
			isa = PBXResourcesBuildPhase;
			buildActionMask = 2147483647;
			files = (
				21B8F6851CB32BF20066E060 /* Ominous.wav in Resources */,
				21B8F6751CB1A8EA0066E060 /* LaunchScreen.storyboard in Resources */,
				21B8F6721CB1A8EA0066E060 /* Assets.xcassets in Resources */,
				21B8F6821CB32BE50066E060 /* HappyEnding.wav in Resources */,
				21B8F6861CB32BF20066E060 /* PageTurn.wav in Resources */,
				21B8F6701CB1A8EA0066E060 /* Main.storyboard in Resources */,
			);
			runOnlyForDeploymentPostprocessing = 0;
		};
/* End PBXResourcesBuildPhase section */

/* Begin PBXSourcesBuildPhase section */
		21B8F6631CB1A8EA0066E060 /* Sources */ = {
			isa = PBXSourcesBuildPhase;
			buildActionMask = 2147483647;
			files = (
				21B8F67F1CB2A0D90066E060 /* PageController.swift in Sources */,
				21B8F67D1CB280FD0066E060 /* InteractiveStory.swift in Sources */,
				21B8F66D1CB1A8EA0066E060 /* ViewController.swift in Sources */,
				21B8F66B1CB1A8EA0066E060 /* AppDelegate.swift in Sources */,
			);
			runOnlyForDeploymentPostprocessing = 0;
		};
/* End PBXSourcesBuildPhase section */

/* Begin PBXVariantGroup section */
		21B8F66E1CB1A8EA0066E060 /* Main.storyboard */ = {
			isa = PBXVariantGroup;
			children = (
				21B8F66F1CB1A8EA0066E060 /* Base */,
			);
			name = Main.storyboard;
			sourceTree = "<group>";
		};
		21B8F6731CB1A8EA0066E060 /* LaunchScreen.storyboard */ = {
			isa = PBXVariantGroup;
			children = (
				21B8F6741CB1A8EA0066E060 /* Base */,
			);
			name = LaunchScreen.storyboard;
			sourceTree = "<group>";
		};
/* End PBXVariantGroup section */

/* Begin XCBuildConfiguration section */
		21B8F6771CB1A8EA0066E060 /* Debug */ = {
			isa = XCBuildConfiguration;
			buildSettings = {
				ALWAYS_SEARCH_USER_PATHS = NO;
				CLANG_CXX_LANGUAGE_STANDARD = "gnu++0x";
				CLANG_CXX_LIBRARY = "libc++";
				CLANG_ENABLE_MODULES = YES;
				CLANG_ENABLE_OBJC_ARC = YES;
				CLANG_WARN_BOOL_CONVERSION = YES;
				CLANG_WARN_CONSTANT_CONVERSION = YES;
				CLANG_WARN_DIRECT_OBJC_ISA_USAGE = YES_ERROR;
				CLANG_WARN_EMPTY_BODY = YES;
				CLANG_WARN_ENUM_CONVERSION = YES;
				CLANG_WARN_INT_CONVERSION = YES;
				CLANG_WARN_OBJC_ROOT_CLASS = YES_ERROR;
				CLANG_WARN_UNREACHABLE_CODE = YES;
				CLANG_WARN__DUPLICATE_METHOD_MATCH = YES;
				"CODE_SIGN_IDENTITY[sdk=iphoneos*]" = "iPhone Developer";
				COPY_PHASE_STRIP = NO;
				DEBUG_INFORMATION_FORMAT = dwarf;
				ENABLE_STRICT_OBJC_MSGSEND = YES;
				ENABLE_TESTABILITY = YES;
				GCC_C_LANGUAGE_STANDARD = gnu99;
				GCC_DYNAMIC_NO_PIC = NO;
				GCC_NO_COMMON_BLOCKS = YES;
				GCC_OPTIMIZATION_LEVEL = 0;
				GCC_PREPROCESSOR_DEFINITIONS = (
					"DEBUG=1",
					"$(inherited)",
				);
				GCC_WARN_64_TO_32_BIT_CONVERSION = YES;
				GCC_WARN_ABOUT_RETURN_TYPE = YES_ERROR;
				GCC_WARN_UNDECLARED_SELECTOR = YES;
				GCC_WARN_UNINITIALIZED_AUTOS = YES_AGGRESSIVE;
				GCC_WARN_UNUSED_FUNCTION = YES;
				GCC_WARN_UNUSED_VARIABLE = YES;
				IPHONEOS_DEPLOYMENT_TARGET = 9.2;
				MTL_ENABLE_DEBUG_INFO = YES;
				ONLY_ACTIVE_ARCH = YES;
				SDKROOT = iphoneos;
				SWIFT_OPTIMIZATION_LEVEL = "-Onone";
			};
			name = Debug;
		};
		21B8F6781CB1A8EA0066E060 /* Release */ = {
			isa = XCBuildConfiguration;
			buildSettings = {
				ALWAYS_SEARCH_USER_PATHS = NO;
				CLANG_CXX_LANGUAGE_STANDARD = "gnu++0x";
				CLANG_CXX_LIBRARY = "libc++";
				CLANG_ENABLE_MODULES = YES;
				CLANG_ENABLE_OBJC_ARC = YES;
				CLANG_WARN_BOOL_CONVERSION = YES;
				CLANG_WARN_CONSTANT_CONVERSION = YES;
				CLANG_WARN_DIRECT_OBJC_ISA_USAGE = YES_ERROR;
				CLANG_WARN_EMPTY_BODY = YES;
				CLANG_WARN_ENUM_CONVERSION = YES;
				CLANG_WARN_INT_CONVERSION = YES;
				CLANG_WARN_OBJC_ROOT_CLASS = YES_ERROR;
				CLANG_WARN_UNREACHABLE_CODE = YES;
				CLANG_WARN__DUPLICATE_METHOD_MATCH = YES;
				"CODE_SIGN_IDENTITY[sdk=iphoneos*]" = "iPhone Developer";
				COPY_PHASE_STRIP = NO;
				DEBUG_INFORMATION_FORMAT = "dwarf-with-dsym";
				ENABLE_NS_ASSERTIONS = NO;
				ENABLE_STRICT_OBJC_MSGSEND = YES;
				GCC_C_LANGUAGE_STANDARD = gnu99;
				GCC_NO_COMMON_BLOCKS = YES;
				GCC_WARN_64_TO_32_BIT_CONVERSION = YES;
				GCC_WARN_ABOUT_RETURN_TYPE = YES_ERROR;
				GCC_WARN_UNDECLARED_SELECTOR = YES;
				GCC_WARN_UNINITIALIZED_AUTOS = YES_AGGRESSIVE;
				GCC_WARN_UNUSED_FUNCTION = YES;
				GCC_WARN_UNUSED_VARIABLE = YES;
				IPHONEOS_DEPLOYMENT_TARGET = 9.2;
				MTL_ENABLE_DEBUG_INFO = NO;
				SDKROOT = iphoneos;
				VALIDATE_PRODUCT = YES;
			};
			name = Release;
		};
		21B8F67A1CB1A8EA0066E060 /* Debug */ = {
			isa = XCBuildConfiguration;
			buildSettings = {
				ASSETCATALOG_COMPILER_APPICON_NAME = AppIcon;
				INFOPLIST_FILE = interactiveStory/Info.plist;
				LD_RUNPATH_SEARCH_PATHS = "$(inherited) @executable_path/Frameworks";
				PRODUCT_BUNDLE_IDENTIFIER = com.nicoara.interactiveStory;
				PRODUCT_NAME = "$(TARGET_NAME)";
			};
			name = Debug;
		};
		21B8F67B1CB1A8EA0066E060 /* Release */ = {
			isa = XCBuildConfiguration;
			buildSettings = {
				ASSETCATALOG_COMPILER_APPICON_NAME = AppIcon;
				INFOPLIST_FILE = interactiveStory/Info.plist;
				LD_RUNPATH_SEARCH_PATHS = "$(inherited) @executable_path/Frameworks";
				PRODUCT_BUNDLE_IDENTIFIER = com.nicoara.interactiveStory;
				PRODUCT_NAME = "$(TARGET_NAME)";
			};
			name = Release;
		};
/* End XCBuildConfiguration section */

/* Begin XCConfigurationList section */
		21B8F6621CB1A8EA0066E060 /* Build configuration list for PBXProject "interactiveStory" */ = {
			isa = XCConfigurationList;
			buildConfigurations = (
				21B8F6771CB1A8EA0066E060 /* Debug */,
				21B8F6781CB1A8EA0066E060 /* Release */,
			);
			defaultConfigurationIsVisible = 0;
			defaultConfigurationName = Release;
		};
		21B8F6791CB1A8EA0066E060 /* Build configuration list for PBXNativeTarget "interactiveStory" */ = {
			isa = XCConfigurationList;
			buildConfigurations = (
				21B8F67A1CB1A8EA0066E060 /* Debug */,
				21B8F67B1CB1A8EA0066E060 /* Release */,
			);
			defaultConfigurationIsVisible = 0;
		};
/* End XCConfigurationList section */
	};
	rootObject = 21B8F65F1CB1A8EA0066E060 /* Project object */;
}
